
Microsoft Visual Studio Solution File, Format Version 12.00
# Visual Studio 14
VisualStudioVersion = 14.0.25420.1
MinimumVisualStudioVersion = 10.0.40219.1
Project("{2150E333-8FDC-42A3-9474-1A3956D46DE8}") = "src", "src", "{21F5CD46-D9AA-456F-A2CD-DF1EF552B76D}"
EndProject
Project("{2150E333-8FDC-42A3-9474-1A3956D46DE8}") = "Solution Items", "Solution Items", "{2C92A744-4922-4F6A-9D4B-071C02886501}"
	ProjectSection(SolutionItems) = preProject
		global.json = global.json
	EndProjectSection
EndProject
Project("{8BB2217D-0F2D-49D1-97BC-3654ED321F3B}") = "Sports", "src\Sports\Sports.xproj", "{606E01C1-B8CD-4516-A41F-D2E8EF86B9D1}"
EndProject
Global
	GlobalSection(SolutionConfigurationPlatforms) = preSolution
		Debug|Any CPU = Debug|Any CPU
		Release|Any CPU = Release|Any CPU
	EndGlobalSection
	GlobalSection(ProjectConfigurationPlatforms) = postSolution
		{606E01C1-B8CD-4516-A41F-D2E8EF86B9D1}.Debug|Any CPU.ActiveCfg = Debug|Any CPU
		{606E01C1-B8CD-4516-A41F-D2E8EF86B9D1}.Debug|Any CPU.Build.0 = Debug|Any CPU
		{606E01C1-B8CD-4516-A41F-D2E8EF86B9D1}.Release|Any CPU.ActiveCfg = Release|Any CPU
		{606E01C1-B8CD-4516-A41F-D2E8EF86B9D1}.Release|Any CPU.Build.0 = Release|Any CPU
	EndGlobalSection
	GlobalSection(SolutionProperties) = preSolution
		HideSolutionNode = FALSE
	EndGlobalSection
	GlobalSection(NestedProjects) = preSolution
		{606E01C1-B8CD-4516-A41F-D2E8EF86B9D1} = {21F5CD46-D9AA-456F-A2CD-DF1EF552B76D}
	EndGlobalSection
EndGlobal
